<Solution>
  <Folder Name="/benchmarks/">
    <Project Path="benchmarks/RoslynCodeGraph.Benchmarks/RoslynCodeGraph.Benchmarks.csproj" />
  </Folder>
  <Folder Name="/src/">
    <Project Path="src/RoslynCodeGraph/RoslynCodeGraph.csproj" />
  </Folder>
  <Folder Name="/tests/">
    <Project Path="tests/RoslynCodeGraph.Tests/RoslynCodeGraph.Tests.csproj" />
  </Folder>
</Solution>
